
Microsoft Visual Studio Solution File, Format Version 12.00
# Visual Studio Version 17
VisualStudioVersion = 17.11.35222.181
MinimumVisualStudioVersion = 10.0.40219.1
Project("{9A19103F-16F7-4668-BE54-9A1E7A4F7556}") = "Tennisclubb", "Tennisclubb\Tennisclubb.csproj", "{7C6CC262-FE26-4D9A-851A-C4E3A913D659}"
EndProject
Global
	GlobalSection(SolutionConfigurationPlatforms) = preSolution
		Debug|Any CPU = Debug|Any CPU
		Release|Any CPU = Release|Any CPU
	EndGlobalSection
	GlobalSection(ProjectConfigurationPlatforms) = postSolution
		{7C6CC262-FE26-4D9A-851A-C4E3A913D659}.Debug|Any CPU.ActiveCfg = Debug|Any CPU
		{7C6CC262-FE26-4D9A-851A-C4E3A913D659}.Debug|Any CPU.Build.0 = Debug|Any CPU
		{7C6CC262-FE26-4D9A-851A-C4E3A913D659}.Release|Any CPU.ActiveCfg = Release|Any CPU
		{7C6CC262-FE26-4D9A-851A-C4E3A913D659}.Release|Any CPU.Build.0 = Release|Any CPU
	EndGlobalSection
	GlobalSection(SolutionProperties) = preSolution
		HideSolutionNode = FALSE
	EndGlobalSection
	GlobalSection(ExtensibilityGlobals) = postSolution
		SolutionGuid = {893C4244-AF1F-406B-84CF-5C12C4525587}
	EndGlobalSection
EndGlobal
